
Microsoft Visual Studio Solution File, Format Version 12.00
# Visual Studio Version 16
VisualStudioVersion = 16.0.29418.71
MinimumVisualStudioVersion = 10.0.40219.1
Project("{FAE04EC0-301F-11D3-BF4B-00C04F79EFBC}") = "Hash.PBKDF2", "Hash.PBKDF2\Hash.PBKDF2.csproj", "{BB6DECFB-50F6-4EC0-929D-CE5BABE8C6ED}"
EndProject
Global
	GlobalSection(SolutionConfigurationPlatforms) = preSolution
		Debug|Any CPU = Debug|Any CPU
		Release|Any CPU = Release|Any CPU
	EndGlobalSection
	GlobalSection(ProjectConfigurationPlatforms) = postSolution
		{BB6DECFB-50F6-4EC0-929D-CE5BABE8C6ED}.Debug|Any CPU.ActiveCfg = Debug|Any CPU
		{BB6DECFB-50F6-4EC0-929D-CE5BABE8C6ED}.Debug|Any CPU.Build.0 = Debug|Any CPU
		{BB6DECFB-50F6-4EC0-929D-CE5BABE8C6ED}.Release|Any CPU.ActiveCfg = Release|Any CPU
		{BB6DECFB-50F6-4EC0-929D-CE5BABE8C6ED}.Release|Any CPU.Build.0 = Release|Any CPU
	EndGlobalSection
	GlobalSection(SolutionProperties) = preSolution
		HideSolutionNode = FALSE
	EndGlobalSection
	GlobalSection(ExtensibilityGlobals) = postSolution
		SolutionGuid = {CA8621D7-38D0-492B-90D4-EF835527181C}
	EndGlobalSection
EndGlobal
